
Microsoft Visual Studio Solution File, Format Version 12.00
# Visual Studio Version 17
VisualStudioVersion = 17.8.34330.188
MinimumVisualStudioVersion = 10.0.40219.1
Project("{FAE04EC0-301F-11D3-BF4B-00C04F79EFBC}") = "WritingFunctions", "WritingFunctions\WritingFunctions.csproj", "{3A6055F1-2ADF-44D0-B46E-5338E0EEEFDC}"
EndProject
Global
	GlobalSection(SolutionConfigurationPlatforms) = preSolution
		Debug|Any CPU = Debug|Any CPU
		Release|Any CPU = Release|Any CPU
	EndGlobalSection
	GlobalSection(ProjectConfigurationPlatforms) = postSolution
		{3A6055F1-2ADF-44D0-B46E-5338E0EEEFDC}.Debug|Any CPU.ActiveCfg = Debug|Any CPU
		{3A6055F1-2ADF-44D0-B46E-5338E0EEEFDC}.Debug|Any CPU.Build.0 = Debug|Any CPU
		{3A6055F1-2ADF-44D0-B46E-5338E0EEEFDC}.Release|Any CPU.ActiveCfg = Release|Any CPU
		{3A6055F1-2ADF-44D0-B46E-5338E0EEEFDC}.Release|Any CPU.Build.0 = Release|Any CPU
	EndGlobalSection
	GlobalSection(SolutionProperties) = preSolution
		HideSolutionNode = FALSE
	EndGlobalSection
	GlobalSection(ExtensibilityGlobals) = postSolution
		SolutionGuid = {2E77678B-A34F-4738-BBD0-DEF56E1BE250}
	EndGlobalSection
EndGlobal
