
Microsoft Visual Studio Solution File, Format Version 12.00
# Visual Studio Version 17
VisualStudioVersion = 17.8.34330.188
MinimumVisualStudioVersion = 10.0.40219.1
Project("{FAE04EC0-301F-11D3-BF4B-00C04F79EFBC}") = "Hellocs", "Hellocs\Hellocs.csproj", "{5BCA9BB2-E484-4B95-91AF-81805BED215C}"
EndProject
Project("{FAE04EC0-301F-11D3-BF4B-00C04F79EFBC}") = "AboutMyEnvironment", "AboutMyEnvironment\AboutMyEnvironment.csproj", "{6C1E63CE-95B8-4DC9-BEB8-7883932D9921}"
EndProject
Global
	GlobalSection(SolutionConfigurationPlatforms) = preSolution
		Debug|Any CPU = Debug|Any CPU
		Release|Any CPU = Release|Any CPU
	EndGlobalSection
	GlobalSection(ProjectConfigurationPlatforms) = postSolution
		{5BCA9BB2-E484-4B95-91AF-81805BED215C}.Debug|Any CPU.ActiveCfg = Debug|Any CPU
		{5BCA9BB2-E484-4B95-91AF-81805BED215C}.Debug|Any CPU.Build.0 = Debug|Any CPU
		{5BCA9BB2-E484-4B95-91AF-81805BED215C}.Release|Any CPU.ActiveCfg = Release|Any CPU
		{5BCA9BB2-E484-4B95-91AF-81805BED215C}.Release|Any CPU.Build.0 = Release|Any CPU
		{6C1E63CE-95B8-4DC9-BEB8-7883932D9921}.Debug|Any CPU.ActiveCfg = Debug|Any CPU
		{6C1E63CE-95B8-4DC9-BEB8-7883932D9921}.Debug|Any CPU.Build.0 = Debug|Any CPU
		{6C1E63CE-95B8-4DC9-BEB8-7883932D9921}.Release|Any CPU.ActiveCfg = Release|Any CPU
		{6C1E63CE-95B8-4DC9-BEB8-7883932D9921}.Release|Any CPU.Build.0 = Release|Any CPU
	EndGlobalSection
	GlobalSection(SolutionProperties) = preSolution
		HideSolutionNode = FALSE
	EndGlobalSection
	GlobalSection(ExtensibilityGlobals) = postSolution
		SolutionGuid = {3730DD5A-EEF6-40C1-8160-F8BF727E5E6F}
	EndGlobalSection
EndGlobal
