
Microsoft Visual Studio Solution File, Format Version 12.00
# Visual Studio Version 17
VisualStudioVersion = 17.8.34330.188
MinimumVisualStudioVersion = 10.0.40219.1
Project("{FAE04EC0-301F-11D3-BF4B-00C04F79EFBC}") = "operators", "operators\operators.csproj", "{DCAF81A4-00E4-47DE-8D76-A85AC6DD6383}"
EndProject
Project("{FAE04EC0-301F-11D3-BF4B-00C04F79EFBC}") = "BooleanOperators", "BooleanOperators\BooleanOperators.csproj", "{3BED6A69-C3A8-4B5C-B298-564D250C4C7B}"
EndProject
Project("{FAE04EC0-301F-11D3-BF4B-00C04F79EFBC}") = "BitwiseAndShiftOperators", "BitwiseAndShiftOperators\BitwiseAndShiftOperators.csproj", "{9A065FAB-1BEF-40C5-8BB9-513F6A5DDBD8}"
EndProject
Project("{FAE04EC0-301F-11D3-BF4B-00C04F79EFBC}") = "SelectionStatements", "SelectionStatements\SelectionStatements.csproj", "{5D77D9FC-DA96-46CC-B2ED-BE244DCAE915}"
EndProject
Project("{FAE04EC0-301F-11D3-BF4B-00C04F79EFBC}") = "IterationStatements", "IterationStatements\IterationStatements.csproj", "{F76B4D06-ABF4-4BC0-8301-2726C0E558C9}"
EndProject
Project("{FAE04EC0-301F-11D3-BF4B-00C04F79EFBC}") = "Arrays", "Arrays\Arrays.csproj", "{98F55F8C-CCFD-4172-9A14-D91891CEA18B}"
EndProject
Global
	GlobalSection(SolutionConfigurationPlatforms) = preSolution
		Debug|Any CPU = Debug|Any CPU
		Release|Any CPU = Release|Any CPU
	EndGlobalSection
	GlobalSection(ProjectConfigurationPlatforms) = postSolution
		{DCAF81A4-00E4-47DE-8D76-A85AC6DD6383}.Debug|Any CPU.ActiveCfg = Debug|Any CPU
		{DCAF81A4-00E4-47DE-8D76-A85AC6DD6383}.Debug|Any CPU.Build.0 = Debug|Any CPU
		{DCAF81A4-00E4-47DE-8D76-A85AC6DD6383}.Release|Any CPU.ActiveCfg = Release|Any CPU
		{DCAF81A4-00E4-47DE-8D76-A85AC6DD6383}.Release|Any CPU.Build.0 = Release|Any CPU
		{3BED6A69-C3A8-4B5C-B298-564D250C4C7B}.Debug|Any CPU.ActiveCfg = Debug|Any CPU
		{3BED6A69-C3A8-4B5C-B298-564D250C4C7B}.Debug|Any CPU.Build.0 = Debug|Any CPU
		{3BED6A69-C3A8-4B5C-B298-564D250C4C7B}.Release|Any CPU.ActiveCfg = Release|Any CPU
		{3BED6A69-C3A8-4B5C-B298-564D250C4C7B}.Release|Any CPU.Build.0 = Release|Any CPU
		{9A065FAB-1BEF-40C5-8BB9-513F6A5DDBD8}.Debug|Any CPU.ActiveCfg = Debug|Any CPU
		{9A065FAB-1BEF-40C5-8BB9-513F6A5DDBD8}.Debug|Any CPU.Build.0 = Debug|Any CPU
		{9A065FAB-1BEF-40C5-8BB9-513F6A5DDBD8}.Release|Any CPU.ActiveCfg = Release|Any CPU
		{9A065FAB-1BEF-40C5-8BB9-513F6A5DDBD8}.Release|Any CPU.Build.0 = Release|Any CPU
		{5D77D9FC-DA96-46CC-B2ED-BE244DCAE915}.Debug|Any CPU.ActiveCfg = Debug|Any CPU
		{5D77D9FC-DA96-46CC-B2ED-BE244DCAE915}.Debug|Any CPU.Build.0 = Debug|Any CPU
		{5D77D9FC-DA96-46CC-B2ED-BE244DCAE915}.Release|Any CPU.ActiveCfg = Release|Any CPU
		{5D77D9FC-DA96-46CC-B2ED-BE244DCAE915}.Release|Any CPU.Build.0 = Release|Any CPU
		{F76B4D06-ABF4-4BC0-8301-2726C0E558C9}.Debug|Any CPU.ActiveCfg = Debug|Any CPU
		{F76B4D06-ABF4-4BC0-8301-2726C0E558C9}.Debug|Any CPU.Build.0 = Debug|Any CPU
		{F76B4D06-ABF4-4BC0-8301-2726C0E558C9}.Release|Any CPU.ActiveCfg = Release|Any CPU
		{F76B4D06-ABF4-4BC0-8301-2726C0E558C9}.Release|Any CPU.Build.0 = Release|Any CPU
		{98F55F8C-CCFD-4172-9A14-D91891CEA18B}.Debug|Any CPU.ActiveCfg = Debug|Any CPU
		{98F55F8C-CCFD-4172-9A14-D91891CEA18B}.Debug|Any CPU.Build.0 = Debug|Any CPU
		{98F55F8C-CCFD-4172-9A14-D91891CEA18B}.Release|Any CPU.ActiveCfg = Release|Any CPU
		{98F55F8C-CCFD-4172-9A14-D91891CEA18B}.Release|Any CPU.Build.0 = Release|Any CPU
	EndGlobalSection
	GlobalSection(SolutionProperties) = preSolution
		HideSolutionNode = FALSE
	EndGlobalSection
	GlobalSection(ExtensibilityGlobals) = postSolution
		SolutionGuid = {E955DA7F-1437-4746-AFA9-13E607D4AD22}
	EndGlobalSection
EndGlobal
